
Microsoft Visual Studio Solution File, Format Version 12.00
# Visual Studio Version 16
VisualStudioVersion = 16.0.33801.447
MinimumVisualStudioVersion = 10.0.40219.1
Project("{C9674DCB-5085-4A16-B785-4C70DD1589BD}") = "ETL FOR DW", "ETL FOR DW.dtproj", "{18130F37-C524-4561-8698-85159EAFA0BC}"
EndProject
Global
	GlobalSection(SolutionConfigurationPlatforms) = preSolution
		Development|Default = Development|Default
	EndGlobalSection
	GlobalSection(ProjectConfigurationPlatforms) = postSolution
		{18130F37-C524-4561-8698-85159EAFA0BC}.Development|Default.ActiveCfg = Development
		{18130F37-C524-4561-8698-85159EAFA0BC}.Development|Default.Build.0 = Development
	EndGlobalSection
	GlobalSection(SolutionProperties) = preSolution
		HideSolutionNode = FALSE
	EndGlobalSection
	GlobalSection(ExtensibilityGlobals) = postSolution
		SolutionGuid = {506C37A4-0EDB-4918-B8C1-8060FFB57965}
	EndGlobalSection
EndGlobal
